
Microsoft Visual Studio Solution File, Format Version 12.00
# Visual Studio Version 17
VisualStudioVersion = 17.2.32526.322
MinimumVisualStudioVersion = 10.0.40219.1
Project("{9A19103F-16F7-4668-BE54-9A1E7A4F7556}") = "LabelPlace.Api", "LabelPlace.Api\LabelPlace.Api.csproj", "{37E76D73-FE22-41B5-8AE2-8BA35D6454C2}"
EndProject
Project("{9A19103F-16F7-4668-BE54-9A1E7A4F7556}") = "LabelPlace.Domain", "LabelPlace.Domain\LabelPlace.Domain.csproj", "{00790692-DA83-42E9-8049-F5D4287B0968}"
EndProject
Project("{9A19103F-16F7-4668-BE54-9A1E7A4F7556}") = "LabelPlace.Dal", "LabelPlace.Dal\LabelPlace.Dal.csproj", "{126E1B54-6389-45CA-B9FE-22AAFFE565A1}"
EndProject
Project("{FAE04EC0-301F-11D3-BF4B-00C04F79EFBC}") = "LabelPlace.BusinessLogic", "LabelPlace.BusinessLogic\LabelPlace.BusinessLogic.csproj", "{8CAADF8D-D85D-4A71-AD63-996BB29D0E96}"
EndProject
Global
	GlobalSection(SolutionConfigurationPlatforms) = preSolution
		Debug|Any CPU = Debug|Any CPU
		Release|Any CPU = Release|Any CPU
	EndGlobalSection
	GlobalSection(ProjectConfigurationPlatforms) = postSolution
		{37E76D73-FE22-41B5-8AE2-8BA35D6454C2}.Debug|Any CPU.ActiveCfg = Debug|Any CPU
		{37E76D73-FE22-41B5-8AE2-8BA35D6454C2}.Debug|Any CPU.Build.0 = Debug|Any CPU
		{37E76D73-FE22-41B5-8AE2-8BA35D6454C2}.Release|Any CPU.ActiveCfg = Release|Any CPU
		{37E76D73-FE22-41B5-8AE2-8BA35D6454C2}.Release|Any CPU.Build.0 = Release|Any CPU
		{00790692-DA83-42E9-8049-F5D4287B0968}.Debug|Any CPU.ActiveCfg = Debug|Any CPU
		{00790692-DA83-42E9-8049-F5D4287B0968}.Debug|Any CPU.Build.0 = Debug|Any CPU
		{00790692-DA83-42E9-8049-F5D4287B0968}.Release|Any CPU.ActiveCfg = Release|Any CPU
		{00790692-DA83-42E9-8049-F5D4287B0968}.Release|Any CPU.Build.0 = Release|Any CPU
		{8CAADF8D-D85D-4A71-AD63-996BB29D0E96}.Debug|Any CPU.ActiveCfg = Debug|Any CPU
		{8CAADF8D-D85D-4A71-AD63-996BB29D0E96}.Debug|Any CPU.Build.0 = Debug|Any CPU
		{8CAADF8D-D85D-4A71-AD63-996BB29D0E96}.Release|Any CPU.ActiveCfg = Release|Any CPU
		{8CAADF8D-D85D-4A71-AD63-996BB29D0E96}.Release|Any CPU.Build.0 = Release|Any CPU
		{126E1B54-6389-45CA-B9FE-22AAFFE565A1}.Debug|Any CPU.ActiveCfg = Debug|Any CPU
		{126E1B54-6389-45CA-B9FE-22AAFFE565A1}.Debug|Any CPU.Build.0 = Debug|Any CPU
		{126E1B54-6389-45CA-B9FE-22AAFFE565A1}.Release|Any CPU.ActiveCfg = Release|Any CPU
		{126E1B54-6389-45CA-B9FE-22AAFFE565A1}.Release|Any CPU.Build.0 = Release|Any CPU
	EndGlobalSection
	GlobalSection(SolutionProperties) = preSolution
		HideSolutionNode = FALSE
	EndGlobalSection
	GlobalSection(ExtensibilityGlobals) = postSolution
		SolutionGuid = {07DE53C4-1E82-4AD3-9438-3BF83F38CCF2}
	EndGlobalSection
EndGlobal
